<?xml version="1.0" encoding="utf-8"?>
<Project ToolsVersion="4.0" xmlns="http://schemas.microsoft.com/developer/msbuild/2003">
  <ItemGroup>
    <Filter Include="Source Files">
      <UniqueIdentifier>{d3869957-683a-4fe2-bee9-876b19adc522}</UniqueIdentifier>
      <Extensions>cpp;c;cxx;rc;def;r;odl;idl;hpj;bat</Extensions>
    </Filter>
    <Filter Include="Header Files">
      <UniqueIdentifier>{5f3dcac0-2fe7-4263-a8c0-169cfae7213f}</UniqueIdentifier>
      <Extensions>h;hpp;hxx;hm;inl</Extensions>
    </Filter>
    <Filter Include="Resource Files">
      <UniqueIdentifier>{878b0bad-9037-45ba-bc7d-24d3645604e2}</UniqueIdentifier>
      <Extensions>ico;cur;bmp;dlg;rc2;rct;bin;cnt;rtf;gif;jpg;jpeg;jpe</Extensions>
    </Filter>
    <Filter Include="DLL Dependencies">
      <UniqueIdentifier>{4e725696-639f-4c37-bab6-b6dde38cbf17}</UniqueIdentifier>
    </Filter>
    <Filter Include="Tests">
      <UniqueIdentifier>{38226099-e7c6-4352-85a0-18cc4459610b}</UniqueIdentifier>
    </Filter>
    <Filter Include="Header Files\LogEngine2 headers">
      <UniqueIdentifier>{841a414f-b71c-44ab-8fac-b1870d736ca9}</UniqueIdentifier>
    </Filter>
  </ItemGroup>
  <ItemGroup>
    <ClCompile Include="MainFrm.cpp">
      <Filter>Source Files</Filter>
    </ClCompile>
    <ClCompile Include="testLogEngine.cpp">
      <Filter>Source Files</Filter>
    </ClCompile>
    <ClCompile Include="..\..\..\test\testLine.cpp">
      <Filter>Tests</Filter>
    </ClCompile>
    <ClCompile Include="..\..\..\test\testLogger.cpp">
      <Filter>Tests</Filter>
    </ClCompile>
    <ClCompile Include="..\..\..\test\testProperties.cpp">
      <Filter>Tests</Filter>
    </ClCompile>
    <ClCompile Include="..\..\..\test\testThreadLog.cpp">
      <Filter>Tests</Filter>
    </ClCompile>
    <ClCompile Include="..\..\..\test\testUtils.cpp">
      <Filter>Tests</Filter>
    </ClCompile>
    <ClCompile Include="..\..\..\test\testRunner.cpp">
      <Filter>Source Files</Filter>
    </ClCompile>
    <ClCompile Include="Shared.cpp">
      <Filter>Source Files</Filter>
    </ClCompile>
    <ClCompile Include="StdAfx.cpp">
      <Filter>Source Files</Filter>
    </ClCompile>
    <ClCompile Include="..\..\..\test\testIniReader.cpp">
      <Filter>Tests</Filter>
    </ClCompile>
    <ClCompile Include="..\..\..\test\testTStream.cpp">
      <Filter>Tests</Filter>
    </ClCompile>
    <ClCompile Include="..\..\..\test\testConfigFile.cpp">
      <Filter>Tests</Filter>
    </ClCompile>
  </ItemGroup>
  <ItemGroup>
    <ResourceCompile Include="testLogEngine.rc">
      <Filter>Source Files</Filter>
    </ResourceCompile>
  </ItemGroup>
  <ItemGroup>
    <ClInclude Include="MainFrm.h">
      <Filter>Header Files</Filter>
    </ClInclude>
    <ClInclude Include="Resource.h">
      <Filter>Header Files</Filter>
    </ClInclude>
    <ClInclude Include="testLogEngine.h">
      <Filter>Header Files</Filter>
    </ClInclude>
    <ClInclude Include="..\..\..\test\testLine.h">
      <Filter>Tests</Filter>
    </ClInclude>
    <ClInclude Include="..\..\..\test\testLogger.h">
      <Filter>Tests</Filter>
    </ClInclude>
    <ClInclude Include="..\..\..\test\testProperties.h">
      <Filter>Tests</Filter>
    </ClInclude>
    <ClInclude Include="..\..\..\test\testThreadLog.h">
      <Filter>Tests</Filter>
    </ClInclude>
    <ClInclude Include="..\..\..\test\testUtils.h">
      <Filter>Tests</Filter>
    </ClInclude>
    <ClInclude Include="MyTestProgressListener.h">
      <Filter>Source Files</Filter>
    </ClInclude>
    <ClInclude Include="Shared.h">
      <Filter>Header Files</Filter>
    </ClInclude>
    <ClInclude Include="..\..\..\test\testIniReader.h">
      <Filter>Tests</Filter>
    </ClInclude>
    <ClInclude Include="..\..\..\include\DynamicArrays.h">
      <Filter>Header Files\LogEngine2 headers</Filter>
    </ClInclude>
    <ClInclude Include="..\..\..\include\Exceptions.h">
      <Filter>Header Files\LogEngine2 headers</Filter>
    </ClInclude>
    <ClInclude Include="..\..\..\include\FileSink.h">
      <Filter>Header Files\LogEngine2 headers</Filter>
    </ClInclude>
    <ClInclude Include="..\..\..\include\FileStream.h">
      <Filter>Header Files\LogEngine2 headers</Filter>
    </ClInclude>
    <ClInclude Include="..\..\..\include\IniReader.h">
      <Filter>Header Files\LogEngine2 headers</Filter>
    </ClInclude>
    <ClInclude Include="..\..\..\include\LogEngine.h">
      <Filter>Header Files\LogEngine2 headers</Filter>
    </ClInclude>
    <ClInclude Include="..\..\..\include\LogEvent.h">
      <Filter>Header Files\LogEngine2 headers</Filter>
    </ClInclude>
    <ClInclude Include="..\..\..\include\Logger.h">
      <Filter>Header Files\LogEngine2 headers</Filter>
    </ClInclude>
    <ClInclude Include="..\..\..\include\Pattern.h">
      <Filter>Header Files\LogEngine2 headers</Filter>
    </ClInclude>
    <ClInclude Include="..\..\..\include\PatternLayout.h">
      <Filter>Header Files\LogEngine2 headers</Filter>
    </ClInclude>
    <ClInclude Include="..\..\..\include\RotatingFileSink.h">
      <Filter>Header Files\LogEngine2 headers</Filter>
    </ClInclude>
    <ClInclude Include="..\..\..\include\Sink.h">
      <Filter>Header Files\LogEngine2 headers</Filter>
    </ClInclude>
    <ClInclude Include="..\..\..\include\Common.h">
      <Filter>Header Files\LogEngine2 headers</Filter>
    </ClInclude>
    <ClInclude Include="..\..\..\include\Compare.h">
      <Filter>Header Files\LogEngine2 headers</Filter>
    </ClInclude>
    <ClInclude Include="..\..\..\test\testTStream.h">
      <Filter>Tests</Filter>
    </ClInclude>
    <ClInclude Include="..\..\..\test\testConfigFile.h">
      <Filter>Tests</Filter>
    </ClInclude>
    <ClInclude Include="..\..\..\include\Common-hdr.h">
      <Filter>Header Files</Filter>
    </ClInclude>
    <ClInclude Include="..\..\..\include\FileStream-hdr.h">
      <Filter>Header Files</Filter>
    </ClInclude>
    <ClInclude Include="..\..\..\include\LogEngine-hdr.h">
      <Filter>Header Files</Filter>
    </ClInclude>
    <ClInclude Include="..\..\..\include\Pattern-hdr.h">
      <Filter>Header Files</Filter>
    </ClInclude>
    <ClInclude Include="..\..\..\include\Properties-hdr.h">
      <Filter>Header Files</Filter>
    </ClInclude>
  </ItemGroup>
  <ItemGroup>
    <Image Include="res\testLogEngine.ico">
      <Filter>Resource Files</Filter>
    </Image>
    <Image Include="res\Toolbar.bmp">
      <Filter>Resource Files</Filter>
    </Image>
  </ItemGroup>
  <ItemGroup>
    <None Include="res\testLogEngine.rc2">
      <Filter>Resource Files</Filter>
    </None>
  </ItemGroup>
  <ItemGroup>
    <CustomBuild Include="..\..\..\external\cppunit\lib\testrunner.dll">
      <Filter>DLL Dependencies</Filter>
    </CustomBuild>
    <CustomBuild Include="..\..\..\external\cppunit\lib\testrunnerd.dll">
      <Filter>DLL Dependencies</Filter>
    </CustomBuild>
    <CustomBuild Include="..\..\..\external\cppunit\lib\testrunneru.dll">
      <Filter>DLL Dependencies</Filter>
    </CustomBuild>
    <CustomBuild Include="..\..\..\external\cppunit\lib\testrunnerud.dll">
      <Filter>DLL Dependencies</Filter>
    </CustomBuild>
  </ItemGroup>
</Project>